{
  "version": 4,
  "terraform_version": "1.1.5",
  "serial": 5,
  "lineage": "bc5c06ce-419c-fc7c-6600-0af29883bb21",
  "outputs": {},
  "resources": [
    {
      "mode": "data",
      "type": "template_file",
      "name": "inventory",
      "provider": "provider[\"registry.terraform.io/hashicorp/template\"]",
      "instances": [
        {
          "schema_version": 0,
          "attributes": {
            "filename": null,
            "id": "52d63534f095fe2d71cd03664d916751c09c26cb14687245953bf22016aba6b2",
            "rendered": "[master]\r\nVM01 ansible_host=51.250.88.39\r\nVM02 ansible_host=51.250.78.118\r\n\r\n[all:vars]\r\nansible_python_interpreter=/usr/bin/python3",
            "template": "[master]\r\nVM01 ansible_host=${host1}\r\nVM02 ansible_host=${host2}\r\n\r\n[all:vars]\r\nansible_python_interpreter=/usr/bin/python3",
            "vars": {
              "host1": "51.250.88.39",
              "host2": "51.250.78.118",
              "user": "ubuntu"
            }
          },
          "sensitive_attributes": []
        }
      ]
    },
    {
      "mode": "managed",
      "type": "local_file",
      "name": "save_inventory",
      "provider": "provider[\"registry.terraform.io/hashicorp/local\"]",
      "instances": [
        {
          "schema_version": 0,
          "attributes": {
            "content": "[master]\r\nVM01 ansible_host=51.250.88.39\r\nVM02 ansible_host=51.250.78.118\r\n\r\n[all:vars]\r\nansible_python_interpreter=/usr/bin/python3",
            "content_base64": null,
            "directory_permission": "0777",
            "file_permission": "0777",
            "filename": "./inventory",
            "id": "fc4738111b8993ccaf45bd60e5b5b13dccb3cc31",
            "sensitive_content": null,
            "source": null
          },
          "sensitive_attributes": [],
          "private": "bnVsbA==",
          "dependencies": [
            "data.template_file.inventory",
            "yandex_compute_instance.vm01",
            "yandex_compute_instance.vm02"
          ]
        }
      ]
    },
    {
      "mode": "managed",
      "type": "yandex_compute_instance",
      "name": "vm01",
      "provider": "provider[\"registry.terraform.io/yandex-cloud/yandex\"]",
      "instances": [
        {
          "schema_version": 1,
          "attributes": {
            "allow_stopping_for_update": null,
            "boot_disk": [
              {
                "auto_delete": true,
                "device_name": "fhmdk50pcbfh4hofphck",
                "disk_id": "fhmdk50pcbfh4hofphck",
                "initialize_params": [
                  {
                    "block_size": 4096,
                    "description": "",
                    "image_id": "fd8mfc6omiki5govl68h",
                    "name": "",
                    "size": 50,
                    "snapshot_id": "",
                    "type": "network-hdd"
                  }
                ],
                "mode": "READ_WRITE"
              }
            ],
            "created_at": "2022-05-03T08:52:16Z",
            "description": "",
            "folder_id": "b1gtrnt5bah9u3n16tt8",
            "fqdn": "fhmurt1ilfgbos7n7q4t.auto.internal",
            "hostname": "fhmurt1ilfgbos7n7q4t",
            "id": "fhmurt1ilfgbos7n7q4t",
            "labels": null,
            "metadata": {
              "user-data": "#cloud-config\r\nusers:\r\n  - name: ubuntu\r\n    groups: sudo\r\n    shell: /bin/bash\r\n    sudo: ['ALL=(ALL) NOPASSWD:ALL']\r\n    ssh-authorized-keys:\r\n      - ssh-rsa AAAAB3NzaC1yc2EAAAADAQABAAABgQC+8v+3Mv3tYmfQsYQQ9WkCSa9FegyU6BTTOY/q2rsMAH81E7o5C56cijJ+ow9mfPkxwZAHmw18Qhj/0/Hn9zi5EPqe3jIizG9oqZIPxEFOk4otbWYTFKCv9jffl5Hq2gGIOEs9wQQtRgWusO71+JFTAlRoTrtDWhbFYQPRXx9niS4lC+UZRt4dNrh+BuW0dA6TlP2/hNldMVSDtaLpWWVXCcq0cspuRROfHpXS6T8/6daV05HSKq2iFfwatoYhrevKzEH9iBQCBWHqIKh0mrbT9JJJbNApsRxud9FNxLXvfaQotHe+jdKJXtQGa8dM/onyPPSoZ2sHZFux7STobQ1FUO5X+WoattWUtT4B6mAG0EO6lSCuxUrK+StFAEY2/kjuxLToAFa0fzIlGRZG3BMw4niTEs5/75bQcuiHmOAUj+OQVu1h02QgQ1ACIUmBAIyI4YH7c6bb9cW5J1VfLqOe4q9xRgaYaaEjSqyM7lKu69dDxBMIYZ4UZ2PPCJgvbnc= lakhonin@home"
            },
            "name": "vm01",
            "network_acceleration_type": "standard",
            "network_interface": [
              {
                "dns_record": [],
                "index": 0,
                "ip_address": "10.128.0.26",
                "ipv4": true,
                "ipv6": false,
                "ipv6_address": "",
                "ipv6_dns_record": [],
                "mac_address": "d0:0d:1e:df:43:2a",
                "nat": true,
                "nat_dns_record": [],
                "nat_ip_address": "51.250.88.39",
                "nat_ip_version": "IPV4",
                "security_group_ids": [],
                "subnet_id": "e9bhe2om22dbr4c18tfu"
              }
            ],
            "placement_policy": [
              {
                "placement_group_id": ""
              }
            ],
            "platform_id": "standard-v1",
            "resources": [
              {
                "core_fraction": 100,
                "cores": 2,
                "gpus": 0,
                "memory": 8
              }
            ],
            "scheduling_policy": [
              {
                "preemptible": true
              }
            ],
            "secondary_disk": [],
            "service_account_id": "",
            "status": "running",
            "timeouts": null,
            "zone": "ru-central1-a"
          },
          "sensitive_attributes": [],
          "private": "eyJlMmJmYjczMC1lY2FhLTExZTYtOGY4OC0zNDM2M2JjN2M0YzAiOnsiY3JlYXRlIjozMDAwMDAwMDAwMDAsImRlbGV0ZSI6MzAwMDAwMDAwMDAwLCJ1cGRhdGUiOjMwMDAwMDAwMDAwMH0sInNjaGVtYV92ZXJzaW9uIjoiMSJ9"
        }
      ]
    },
    {
      "mode": "managed",
      "type": "yandex_compute_instance",
      "name": "vm02",
      "provider": "provider[\"registry.terraform.io/yandex-cloud/yandex\"]",
      "instances": [
        {
          "schema_version": 1,
          "attributes": {
            "allow_stopping_for_update": null,
            "boot_disk": [
              {
                "auto_delete": true,
                "device_name": "fhmm1sv7g4r1jr0tpfs1",
                "disk_id": "fhmm1sv7g4r1jr0tpfs1",
                "initialize_params": [
                  {
                    "block_size": 4096,
                    "description": "",
                    "image_id": "fd8mfc6omiki5govl68h",
                    "name": "",
                    "size": 30,
                    "snapshot_id": "",
                    "type": "network-hdd"
                  }
                ],
                "mode": "READ_WRITE"
              }
            ],
            "created_at": "2022-05-03T08:52:16Z",
            "description": "",
            "folder_id": "b1gtrnt5bah9u3n16tt8",
            "fqdn": "fhm8ima1pln1d6lk4tf2.auto.internal",
            "hostname": "fhm8ima1pln1d6lk4tf2",
            "id": "fhm8ima1pln1d6lk4tf2",
            "labels": null,
            "metadata": {
              "user-data": "#cloud-config\r\nusers:\r\n  - name: ubuntu\r\n    groups: sudo\r\n    shell: /bin/bash\r\n    sudo: ['ALL=(ALL) NOPASSWD:ALL']\r\n    ssh-authorized-keys:\r\n      - ssh-rsa AAAAB3NzaC1yc2EAAAADAQABAAABgQC+8v+3Mv3tYmfQsYQQ9WkCSa9FegyU6BTTOY/q2rsMAH81E7o5C56cijJ+ow9mfPkxwZAHmw18Qhj/0/Hn9zi5EPqe3jIizG9oqZIPxEFOk4otbWYTFKCv9jffl5Hq2gGIOEs9wQQtRgWusO71+JFTAlRoTrtDWhbFYQPRXx9niS4lC+UZRt4dNrh+BuW0dA6TlP2/hNldMVSDtaLpWWVXCcq0cspuRROfHpXS6T8/6daV05HSKq2iFfwatoYhrevKzEH9iBQCBWHqIKh0mrbT9JJJbNApsRxud9FNxLXvfaQotHe+jdKJXtQGa8dM/onyPPSoZ2sHZFux7STobQ1FUO5X+WoattWUtT4B6mAG0EO6lSCuxUrK+StFAEY2/kjuxLToAFa0fzIlGRZG3BMw4niTEs5/75bQcuiHmOAUj+OQVu1h02QgQ1ACIUmBAIyI4YH7c6bb9cW5J1VfLqOe4q9xRgaYaaEjSqyM7lKu69dDxBMIYZ4UZ2PPCJgvbnc= lakhonin@home"
            },
            "name": "vm02",
            "network_acceleration_type": "standard",
            "network_interface": [
              {
                "dns_record": [],
                "index": 0,
                "ip_address": "10.128.0.28",
                "ipv4": true,
                "ipv6": false,
                "ipv6_address": "",
                "ipv6_dns_record": [],
                "mac_address": "d0:0d:89:59:41:cd",
                "nat": true,
                "nat_dns_record": [],
                "nat_ip_address": "51.250.78.118",
                "nat_ip_version": "IPV4",
                "security_group_ids": [],
                "subnet_id": "e9bhe2om22dbr4c18tfu"
              }
            ],
            "placement_policy": [
              {
                "placement_group_id": ""
              }
            ],
            "platform_id": "standard-v1",
            "resources": [
              {
                "core_fraction": 100,
                "cores": 2,
                "gpus": 0,
                "memory": 4
              }
            ],
            "scheduling_policy": [
              {
                "preemptible": true
              }
            ],
            "secondary_disk": [],
            "service_account_id": "",
            "status": "running",
            "timeouts": null,
            "zone": "ru-central1-a"
          },
          "sensitive_attributes": [],
          "private": "eyJlMmJmYjczMC1lY2FhLTExZTYtOGY4OC0zNDM2M2JjN2M0YzAiOnsiY3JlYXRlIjozMDAwMDAwMDAwMDAsImRlbGV0ZSI6MzAwMDAwMDAwMDAwLCJ1cGRhdGUiOjMwMDAwMDAwMDAwMH0sInNjaGVtYV92ZXJzaW9uIjoiMSJ9"
        }
      ]
    }
  ]
}
