{
  "version": 4,
  "terraform_version": "1.1.5",
  "serial": 5,
  "lineage": "5c67dd9a-d8e2-809e-34f2-49576379a8c3",
  "outputs": {},
  "resources": [
    {
      "mode": "data",
      "type": "template_file",
      "name": "inventory",
      "provider": "provider[\"registry.terraform.io/hashicorp/template\"]",
      "instances": [
        {
          "schema_version": 0,
          "attributes": {
            "filename": null,
            "id": "aeaed33a579186048ec7f7f6dab0760305d07278c42394b9d846197b82385d41",
            "rendered": "[master]\r\nserver1 ansible_host=51.250.71.191\r\nserver2 ansible_host=51.250.76.133\r\n\r\n[all:vars]\r\nansible_python_interpreter=/usr/bin/python3",
            "template": "[master]\r\nserver1 ansible_host=${host1}\r\nserver2 ansible_host=${host2}\r\n\r\n[all:vars]\r\nansible_python_interpreter=/usr/bin/python3",
            "vars": {
              "host1": "51.250.71.191",
              "host2": "51.250.76.133",
              "user": "ubuntu"
            }
          },
          "sensitive_attributes": []
        }
      ]
    },
    {
      "mode": "managed",
      "type": "local_file",
      "name": "save_inventory",
      "provider": "provider[\"registry.terraform.io/hashicorp/local\"]",
      "instances": [
        {
          "schema_version": 0,
          "attributes": {
            "content": "[master]\r\nserver1 ansible_host=51.250.71.191\r\nserver2 ansible_host=51.250.76.133\r\n\r\n[all:vars]\r\nansible_python_interpreter=/usr/bin/python3",
            "content_base64": null,
            "directory_permission": "0777",
            "file_permission": "0777",
            "filename": "./inventory",
            "id": "ffff432117ac947985bfb07ec291e9229145770d",
            "sensitive_content": null,
            "source": null
          },
          "sensitive_attributes": [],
          "private": "bnVsbA==",
          "dependencies": [
            "data.template_file.inventory",
            "yandex_compute_instance.server1",
            "yandex_compute_instance.server2"
          ]
        }
      ]
    },
    {
      "mode": "managed",
      "type": "yandex_compute_instance",
      "name": "server1",
      "provider": "provider[\"registry.terraform.io/yandex-cloud/yandex\"]",
      "instances": [
        {
          "schema_version": 1,
          "attributes": {
            "allow_stopping_for_update": null,
            "boot_disk": [
              {
                "auto_delete": true,
                "device_name": "fhmg2oj1gjv5hva382oa",
                "disk_id": "fhmg2oj1gjv5hva382oa",
                "initialize_params": [
                  {
                    "block_size": 4096,
                    "description": "",
                    "image_id": "fd8mfc6omiki5govl68h",
                    "name": "",
                    "size": 20,
                    "snapshot_id": "",
                    "type": "network-hdd"
                  }
                ],
                "mode": "READ_WRITE"
              }
            ],
            "created_at": "2022-04-24T09:08:28Z",
            "description": "",
            "folder_id": "b1gtrnt5bah9u3n16tt8",
            "fqdn": "fhmltk3imtv3ii7q8mig.auto.internal",
            "hostname": "fhmltk3imtv3ii7q8mig",
            "id": "fhmltk3imtv3ii7q8mig",
            "labels": null,
            "metadata": {
              "user-data": "#cloud-config\r\nusers:\r\n  - name: ubuntu\r\n    groups: sudo\r\n    shell: /bin/bash\r\n    sudo: ['ALL=(ALL) NOPASSWD:ALL']\r\n    ssh-authorized-keys:\r\n      - ssh-rsa AAAAB3NzaC1yc2EAAAADAQABAAABgQC+8v+3Mv3tYmfQsYQQ9WkCSa9FegyU6BTTOY/q2rsMAH81E7o5C56cijJ+ow9mfPkxwZAHmw18Qhj/0/Hn9zi5EPqe3jIizG9oqZIPxEFOk4otbWYTFKCv9jffl5Hq2gGIOEs9wQQtRgWusO71+JFTAlRoTrtDWhbFYQPRXx9niS4lC+UZRt4dNrh+BuW0dA6TlP2/hNldMVSDtaLpWWVXCcq0cspuRROfHpXS6T8/6daV05HSKq2iFfwatoYhrevKzEH9iBQCBWHqIKh0mrbT9JJJbNApsRxud9FNxLXvfaQotHe+jdKJXtQGa8dM/onyPPSoZ2sHZFux7STobQ1FUO5X+WoattWUtT4B6mAG0EO6lSCuxUrK+StFAEY2/kjuxLToAFa0fzIlGRZG3BMw4niTEs5/75bQcuiHmOAUj+OQVu1h02QgQ1ACIUmBAIyI4YH7c6bb9cW5J1VfLqOe4q9xRgaYaaEjSqyM7lKu69dDxBMIYZ4UZ2PPCJgvbnc= lakhonin@home"
            },
            "name": "server1",
            "network_acceleration_type": "standard",
            "network_interface": [
              {
                "dns_record": [],
                "index": 0,
                "ip_address": "10.128.0.5",
                "ipv4": true,
                "ipv6": false,
                "ipv6_address": "",
                "ipv6_dns_record": [],
                "mac_address": "d0:0d:15:ed:07:2b",
                "nat": true,
                "nat_dns_record": [],
                "nat_ip_address": "51.250.71.191",
                "nat_ip_version": "IPV4",
                "security_group_ids": [],
                "subnet_id": "e9bhe2om22dbr4c18tfu"
              }
            ],
            "placement_policy": [
              {
                "placement_group_id": ""
              }
            ],
            "platform_id": "standard-v1",
            "resources": [
              {
                "core_fraction": 100,
                "cores": 2,
                "gpus": 0,
                "memory": 2
              }
            ],
            "scheduling_policy": [
              {
                "preemptible": true
              }
            ],
            "secondary_disk": [],
            "service_account_id": "",
            "status": "running",
            "timeouts": null,
            "zone": "ru-central1-a"
          },
          "sensitive_attributes": [],
          "private": "eyJlMmJmYjczMC1lY2FhLTExZTYtOGY4OC0zNDM2M2JjN2M0YzAiOnsiY3JlYXRlIjozMDAwMDAwMDAwMDAsImRlbGV0ZSI6MzAwMDAwMDAwMDAwLCJ1cGRhdGUiOjMwMDAwMDAwMDAwMH0sInNjaGVtYV92ZXJzaW9uIjoiMSJ9"
        }
      ]
    },
    {
      "mode": "managed",
      "type": "yandex_compute_instance",
      "name": "server2",
      "provider": "provider[\"registry.terraform.io/yandex-cloud/yandex\"]",
      "instances": [
        {
          "schema_version": 1,
          "attributes": {
            "allow_stopping_for_update": null,
            "boot_disk": [
              {
                "auto_delete": true,
                "device_name": "fhm0vpfrpdku7gcd1mt2",
                "disk_id": "fhm0vpfrpdku7gcd1mt2",
                "initialize_params": [
                  {
                    "block_size": 4096,
                    "description": "",
                    "image_id": "fd8mfc6omiki5govl68h",
                    "name": "",
                    "size": 20,
                    "snapshot_id": "",
                    "type": "network-hdd"
                  }
                ],
                "mode": "READ_WRITE"
              }
            ],
            "created_at": "2022-04-24T09:08:29Z",
            "description": "",
            "folder_id": "b1gtrnt5bah9u3n16tt8",
            "fqdn": "fhmf5nn8hmvbreot2arn.auto.internal",
            "hostname": "fhmf5nn8hmvbreot2arn",
            "id": "fhmf5nn8hmvbreot2arn",
            "labels": null,
            "metadata": {
              "user-data": "#cloud-config\r\nusers:\r\n  - name: ubuntu\r\n    groups: sudo\r\n    shell: /bin/bash\r\n    sudo: ['ALL=(ALL) NOPASSWD:ALL']\r\n    ssh-authorized-keys:\r\n      - ssh-rsa AAAAB3NzaC1yc2EAAAADAQABAAABgQC+8v+3Mv3tYmfQsYQQ9WkCSa9FegyU6BTTOY/q2rsMAH81E7o5C56cijJ+ow9mfPkxwZAHmw18Qhj/0/Hn9zi5EPqe3jIizG9oqZIPxEFOk4otbWYTFKCv9jffl5Hq2gGIOEs9wQQtRgWusO71+JFTAlRoTrtDWhbFYQPRXx9niS4lC+UZRt4dNrh+BuW0dA6TlP2/hNldMVSDtaLpWWVXCcq0cspuRROfHpXS6T8/6daV05HSKq2iFfwatoYhrevKzEH9iBQCBWHqIKh0mrbT9JJJbNApsRxud9FNxLXvfaQotHe+jdKJXtQGa8dM/onyPPSoZ2sHZFux7STobQ1FUO5X+WoattWUtT4B6mAG0EO6lSCuxUrK+StFAEY2/kjuxLToAFa0fzIlGRZG3BMw4niTEs5/75bQcuiHmOAUj+OQVu1h02QgQ1ACIUmBAIyI4YH7c6bb9cW5J1VfLqOe4q9xRgaYaaEjSqyM7lKu69dDxBMIYZ4UZ2PPCJgvbnc= lakhonin@home"
            },
            "name": "server2",
            "network_acceleration_type": "standard",
            "network_interface": [
              {
                "dns_record": [],
                "index": 0,
                "ip_address": "10.128.0.4",
                "ipv4": true,
                "ipv6": false,
                "ipv6_address": "",
                "ipv6_dns_record": [],
                "mac_address": "d0:0d:f2:de:e8:8d",
                "nat": true,
                "nat_dns_record": [],
                "nat_ip_address": "51.250.76.133",
                "nat_ip_version": "IPV4",
                "security_group_ids": [],
                "subnet_id": "e9bhe2om22dbr4c18tfu"
              }
            ],
            "placement_policy": [
              {
                "placement_group_id": ""
              }
            ],
            "platform_id": "standard-v1",
            "resources": [
              {
                "core_fraction": 100,
                "cores": 2,
                "gpus": 0,
                "memory": 2
              }
            ],
            "scheduling_policy": [
              {
                "preemptible": true
              }
            ],
            "secondary_disk": [],
            "service_account_id": "",
            "status": "running",
            "timeouts": null,
            "zone": "ru-central1-a"
          },
          "sensitive_attributes": [],
          "private": "eyJlMmJmYjczMC1lY2FhLTExZTYtOGY4OC0zNDM2M2JjN2M0YzAiOnsiY3JlYXRlIjozMDAwMDAwMDAwMDAsImRlbGV0ZSI6MzAwMDAwMDAwMDAwLCJ1cGRhdGUiOjMwMDAwMDAwMDAwMH0sInNjaGVtYV92ZXJzaW9uIjoiMSJ9"
        }
      ]
    }
  ]
}
