{
  "version": 4,
  "terraform_version": "1.1.5",
  "serial": 5,
  "lineage": "3d297453-1683-f36f-d2fa-3dd495ffd086",
  "outputs": {},
  "resources": [
    {
      "mode": "data",
      "type": "template_file",
      "name": "inventory",
      "provider": "provider[\"registry.terraform.io/hashicorp/template\"]",
      "instances": [
        {
          "schema_version": 0,
          "attributes": {
            "filename": null,
            "id": "fcb29f4d078b5c9f48874a4e84fe7d3f1700ee73293e3aad47c409a2861a0ad0",
            "rendered": "[master]\r\nVM1 ansible_host=51.250.82.51\r\nVM2 ansible_host=51.250.85.237\r\n\r\n[all:vars]\r\nansible_python_interpreter=/usr/bin/python3",
            "template": "[master]\r\nVM1 ansible_host=${host1}\r\nVM2 ansible_host=${host2}\r\n\r\n[all:vars]\r\nansible_python_interpreter=/usr/bin/python3",
            "vars": {
              "host1": "51.250.82.51",
              "host2": "51.250.85.237",
              "user": "ubuntu"
            }
          },
          "sensitive_attributes": []
        }
      ]
    },
    {
      "mode": "managed",
      "type": "local_file",
      "name": "save_inventory",
      "provider": "provider[\"registry.terraform.io/hashicorp/local\"]",
      "instances": [
        {
          "schema_version": 0,
          "attributes": {
            "content": "[master]\r\nVM1 ansible_host=51.250.82.51\r\nVM2 ansible_host=51.250.85.237\r\n\r\n[all:vars]\r\nansible_python_interpreter=/usr/bin/python3",
            "content_base64": null,
            "directory_permission": "0777",
            "file_permission": "0777",
            "filename": "./inventory",
            "id": "7c71fcc7171e24f272726edf18c277a050595e88",
            "sensitive_content": null,
            "source": null
          },
          "sensitive_attributes": [],
          "private": "bnVsbA==",
          "dependencies": [
            "data.template_file.inventory",
            "yandex_compute_instance.vm1",
            "yandex_compute_instance.vm2"
          ]
        }
      ]
    },
    {
      "mode": "managed",
      "type": "yandex_compute_instance",
      "name": "vm1",
      "provider": "provider[\"registry.terraform.io/yandex-cloud/yandex\"]",
      "instances": [
        {
          "schema_version": 1,
          "attributes": {
            "allow_stopping_for_update": null,
            "boot_disk": [
              {
                "auto_delete": true,
                "device_name": "fhmlc0p988qqifg1dj67",
                "disk_id": "fhmlc0p988qqifg1dj67",
                "initialize_params": [
                  {
                    "block_size": 4096,
                    "description": "",
                    "image_id": "fd8mfc6omiki5govl68h",
                    "name": "",
                    "size": 100,
                    "snapshot_id": "",
                    "type": "network-hdd"
                  }
                ],
                "mode": "READ_WRITE"
              }
            ],
            "created_at": "2022-04-24T09:17:30Z",
            "description": "",
            "folder_id": "b1gtrnt5bah9u3n16tt8",
            "fqdn": "fhmt2s0o5rqre04hb0fj.auto.internal",
            "hostname": "fhmt2s0o5rqre04hb0fj",
            "id": "fhmt2s0o5rqre04hb0fj",
            "labels": null,
            "metadata": {
              "user-data": "#cloud-config\r\nusers:\r\n  - name: ubuntu\r\n    groups: sudo\r\n    shell: /bin/bash\r\n    sudo: ['ALL=(ALL) NOPASSWD:ALL']\r\n    ssh-authorized-keys:\r\n      - ssh-rsa AAAAB3NzaC1yc2EAAAADAQABAAABgQC+8v+3Mv3tYmfQsYQQ9WkCSa9FegyU6BTTOY/q2rsMAH81E7o5C56cijJ+ow9mfPkxwZAHmw18Qhj/0/Hn9zi5EPqe3jIizG9oqZIPxEFOk4otbWYTFKCv9jffl5Hq2gGIOEs9wQQtRgWusO71+JFTAlRoTrtDWhbFYQPRXx9niS4lC+UZRt4dNrh+BuW0dA6TlP2/hNldMVSDtaLpWWVXCcq0cspuRROfHpXS6T8/6daV05HSKq2iFfwatoYhrevKzEH9iBQCBWHqIKh0mrbT9JJJbNApsRxud9FNxLXvfaQotHe+jdKJXtQGa8dM/onyPPSoZ2sHZFux7STobQ1FUO5X+WoattWUtT4B6mAG0EO6lSCuxUrK+StFAEY2/kjuxLToAFa0fzIlGRZG3BMw4niTEs5/75bQcuiHmOAUj+OQVu1h02QgQ1ACIUmBAIyI4YH7c6bb9cW5J1VfLqOe4q9xRgaYaaEjSqyM7lKu69dDxBMIYZ4UZ2PPCJgvbnc= lakhonin@home"
            },
            "name": "vm1",
            "network_acceleration_type": "standard",
            "network_interface": [
              {
                "dns_record": [],
                "index": 0,
                "ip_address": "10.128.0.7",
                "ipv4": true,
                "ipv6": false,
                "ipv6_address": "",
                "ipv6_dns_record": [],
                "mac_address": "d0:0d:1d:17:01:82",
                "nat": true,
                "nat_dns_record": [],
                "nat_ip_address": "51.250.82.51",
                "nat_ip_version": "IPV4",
                "security_group_ids": [],
                "subnet_id": "e9bhe2om22dbr4c18tfu"
              }
            ],
            "placement_policy": [
              {
                "placement_group_id": ""
              }
            ],
            "platform_id": "standard-v1",
            "resources": [
              {
                "core_fraction": 100,
                "cores": 2,
                "gpus": 0,
                "memory": 8
              }
            ],
            "scheduling_policy": [
              {
                "preemptible": true
              }
            ],
            "secondary_disk": [],
            "service_account_id": "",
            "status": "running",
            "timeouts": null,
            "zone": "ru-central1-a"
          },
          "sensitive_attributes": [],
          "private": "eyJlMmJmYjczMC1lY2FhLTExZTYtOGY4OC0zNDM2M2JjN2M0YzAiOnsiY3JlYXRlIjozMDAwMDAwMDAwMDAsImRlbGV0ZSI6MzAwMDAwMDAwMDAwLCJ1cGRhdGUiOjMwMDAwMDAwMDAwMH0sInNjaGVtYV92ZXJzaW9uIjoiMSJ9"
        }
      ]
    },
    {
      "mode": "managed",
      "type": "yandex_compute_instance",
      "name": "vm2",
      "provider": "provider[\"registry.terraform.io/yandex-cloud/yandex\"]",
      "instances": [
        {
          "schema_version": 1,
          "attributes": {
            "allow_stopping_for_update": null,
            "boot_disk": [
              {
                "auto_delete": true,
                "device_name": "fhmn0480lo743v1vnbot",
                "disk_id": "fhmn0480lo743v1vnbot",
                "initialize_params": [
                  {
                    "block_size": 4096,
                    "description": "",
                    "image_id": "fd8mfc6omiki5govl68h",
                    "name": "",
                    "size": 30,
                    "snapshot_id": "",
                    "type": "network-hdd"
                  }
                ],
                "mode": "READ_WRITE"
              }
            ],
            "created_at": "2022-04-24T09:17:30Z",
            "description": "",
            "folder_id": "b1gtrnt5bah9u3n16tt8",
            "fqdn": "fhmmng1na75bhjgvnl2o.auto.internal",
            "hostname": "fhmmng1na75bhjgvnl2o",
            "id": "fhmmng1na75bhjgvnl2o",
            "labels": null,
            "metadata": {
              "user-data": "#cloud-config\r\nusers:\r\n  - name: ubuntu\r\n    groups: sudo\r\n    shell: /bin/bash\r\n    sudo: ['ALL=(ALL) NOPASSWD:ALL']\r\n    ssh-authorized-keys:\r\n      - ssh-rsa AAAAB3NzaC1yc2EAAAADAQABAAABgQC+8v+3Mv3tYmfQsYQQ9WkCSa9FegyU6BTTOY/q2rsMAH81E7o5C56cijJ+ow9mfPkxwZAHmw18Qhj/0/Hn9zi5EPqe3jIizG9oqZIPxEFOk4otbWYTFKCv9jffl5Hq2gGIOEs9wQQtRgWusO71+JFTAlRoTrtDWhbFYQPRXx9niS4lC+UZRt4dNrh+BuW0dA6TlP2/hNldMVSDtaLpWWVXCcq0cspuRROfHpXS6T8/6daV05HSKq2iFfwatoYhrevKzEH9iBQCBWHqIKh0mrbT9JJJbNApsRxud9FNxLXvfaQotHe+jdKJXtQGa8dM/onyPPSoZ2sHZFux7STobQ1FUO5X+WoattWUtT4B6mAG0EO6lSCuxUrK+StFAEY2/kjuxLToAFa0fzIlGRZG3BMw4niTEs5/75bQcuiHmOAUj+OQVu1h02QgQ1ACIUmBAIyI4YH7c6bb9cW5J1VfLqOe4q9xRgaYaaEjSqyM7lKu69dDxBMIYZ4UZ2PPCJgvbnc= lakhonin@home"
            },
            "name": "vm2",
            "network_acceleration_type": "standard",
            "network_interface": [
              {
                "dns_record": [],
                "index": 0,
                "ip_address": "10.128.0.30",
                "ipv4": true,
                "ipv6": false,
                "ipv6_address": "",
                "ipv6_dns_record": [],
                "mac_address": "d0:0d:16:bc:03:75",
                "nat": true,
                "nat_dns_record": [],
                "nat_ip_address": "51.250.85.237",
                "nat_ip_version": "IPV4",
                "security_group_ids": [],
                "subnet_id": "e9bhe2om22dbr4c18tfu"
              }
            ],
            "placement_policy": [
              {
                "placement_group_id": ""
              }
            ],
            "platform_id": "standard-v1",
            "resources": [
              {
                "core_fraction": 100,
                "cores": 2,
                "gpus": 0,
                "memory": 4
              }
            ],
            "scheduling_policy": [
              {
                "preemptible": true
              }
            ],
            "secondary_disk": [],
            "service_account_id": "",
            "status": "running",
            "timeouts": null,
            "zone": "ru-central1-a"
          },
          "sensitive_attributes": [],
          "private": "eyJlMmJmYjczMC1lY2FhLTExZTYtOGY4OC0zNDM2M2JjN2M0YzAiOnsiY3JlYXRlIjozMDAwMDAwMDAwMDAsImRlbGV0ZSI6MzAwMDAwMDAwMDAwLCJ1cGRhdGUiOjMwMDAwMDAwMDAwMH0sInNjaGVtYV92ZXJzaW9uIjoiMSJ9"
        }
      ]
    }
  ]
}
