{
  "version": 4,
  "terraform_version": "1.1.5",
  "serial": 4,
  "lineage": "acd837df-8915-34c7-6826-b1457dd81f60",
  "outputs": {},
  "resources": [
    {
      "mode": "data",
      "type": "template_file",
      "name": "inventory",
      "provider": "provider[\"registry.terraform.io/hashicorp/template\"]",
      "instances": [
        {
          "schema_version": 0,
          "attributes": {
            "filename": null,
            "id": "2f670a2e3008430273c47df4d8f61f677f97e859f47a46fac56181720e9a96e6",
            "rendered": "[jenkins]\r\nnode4 ansible_host=51.250.9.235\r\n\r\n[all:vars]\r\nansible_python_interpreter=/usr/bin/python3",
            "template": "[jenkins]\r\nnode4 ansible_host=${host4}\r\n\r\n[all:vars]\r\nansible_python_interpreter=/usr/bin/python3",
            "vars": {
              "host4": "51.250.9.235",
              "user": "ubuntu"
            }
          },
          "sensitive_attributes": []
        }
      ]
    },
    {
      "mode": "managed",
      "type": "local_file",
      "name": "save_inventory",
      "provider": "provider[\"registry.terraform.io/hashicorp/local\"]",
      "instances": [
        {
          "schema_version": 0,
          "attributes": {
            "content": "[jenkins]\r\nnode4 ansible_host=51.250.9.235\r\n\r\n[all:vars]\r\nansible_python_interpreter=/usr/bin/python3",
            "content_base64": null,
            "directory_permission": "0777",
            "file_permission": "0777",
            "filename": "./inventory",
            "id": "9792ae49b69364ed8ea3a3e4ae156454174ff93d",
            "sensitive_content": null,
            "source": null
          },
          "sensitive_attributes": [],
          "private": "bnVsbA==",
          "dependencies": [
            "data.template_file.inventory",
            "yandex_compute_instance.node4"
          ]
        }
      ]
    },
    {
      "mode": "managed",
      "type": "yandex_compute_instance",
      "name": "node4",
      "provider": "provider[\"registry.terraform.io/yandex-cloud/yandex\"]",
      "instances": [
        {
          "schema_version": 1,
          "attributes": {
            "allow_stopping_for_update": null,
            "boot_disk": [
              {
                "auto_delete": true,
                "device_name": "fhm3ghasqo1gl88m88sp",
                "disk_id": "fhm3ghasqo1gl88m88sp",
                "initialize_params": [
                  {
                    "block_size": 4096,
                    "description": "",
                    "image_id": "fd8mfc6omiki5govl68h",
                    "name": "",
                    "size": 20,
                    "snapshot_id": "",
                    "type": "network-hdd"
                  }
                ],
                "mode": "READ_WRITE"
              }
            ],
            "created_at": "2022-02-20T20:32:31Z",
            "description": "",
            "folder_id": "b1gtrnt5bah9u3n16tt8",
            "fqdn": "fhmrvuelg4095485f1s0.auto.internal",
            "hostname": "fhmrvuelg4095485f1s0",
            "id": "fhmrvuelg4095485f1s0",
            "labels": null,
            "metadata": {
              "user-data": "#cloud-config\r\nusers:\r\n  - name: ubuntu\r\n    groups: sudo\r\n    shell: /bin/bash\r\n    sudo: ['ALL=(ALL) NOPASSWD:ALL']\r\n    ssh-authorized-keys:\r\n      - ssh-rsa AAAAB3NzaC1yc2EAAAADAQABAAABgQC+8v+3Mv3tYmfQsYQQ9WkCSa9FegyU6BTTOY/q2rsMAH81E7o5C56cijJ+ow9mfPkxwZAHmw18Qhj/0/Hn9zi5EPqe3jIizG9oqZIPxEFOk4otbWYTFKCv9jffl5Hq2gGIOEs9wQQtRgWusO71+JFTAlRoTrtDWhbFYQPRXx9niS4lC+UZRt4dNrh+BuW0dA6TlP2/hNldMVSDtaLpWWVXCcq0cspuRROfHpXS6T8/6daV05HSKq2iFfwatoYhrevKzEH9iBQCBWHqIKh0mrbT9JJJbNApsRxud9FNxLXvfaQotHe+jdKJXtQGa8dM/onyPPSoZ2sHZFux7STobQ1FUO5X+WoattWUtT4B6mAG0EO6lSCuxUrK+StFAEY2/kjuxLToAFa0fzIlGRZG3BMw4niTEs5/75bQcuiHmOAUj+OQVu1h02QgQ1ACIUmBAIyI4YH7c6bb9cW5J1VfLqOe4q9xRgaYaaEjSqyM7lKu69dDxBMIYZ4UZ2PPCJgvbnc= lakhonin@home"
            },
            "name": "node4",
            "network_acceleration_type": "standard",
            "network_interface": [
              {
                "dns_record": [],
                "index": 0,
                "ip_address": "10.128.0.3",
                "ipv4": true,
                "ipv6": false,
                "ipv6_address": "",
                "ipv6_dns_record": [],
                "mac_address": "d0:0d:1b:ff:9d:58",
                "nat": true,
                "nat_dns_record": [],
                "nat_ip_address": "51.250.9.235",
                "nat_ip_version": "IPV4",
                "security_group_ids": [],
                "subnet_id": "e9bhe2om22dbr4c18tfu"
              }
            ],
            "placement_policy": [
              {
                "placement_group_id": ""
              }
            ],
            "platform_id": "standard-v1",
            "resources": [
              {
                "core_fraction": 20,
                "cores": 2,
                "gpus": 0,
                "memory": 2
              }
            ],
            "scheduling_policy": [
              {
                "preemptible": true
              }
            ],
            "secondary_disk": [],
            "service_account_id": "",
            "status": "running",
            "timeouts": null,
            "zone": "ru-central1-a"
          },
          "sensitive_attributes": [],
          "private": "eyJlMmJmYjczMC1lY2FhLTExZTYtOGY4OC0zNDM2M2JjN2M0YzAiOnsiY3JlYXRlIjozMDAwMDAwMDAwMDAsImRlbGV0ZSI6MzAwMDAwMDAwMDAwLCJ1cGRhdGUiOjMwMDAwMDAwMDAwMH0sInNjaGVtYV92ZXJzaW9uIjoiMSJ9"
        }
      ]
    }
  ]
}
